
Microsoft Visual Studio Solution File, Format Version 12.00
# Visual Studio Version 17
VisualStudioVersion = 17.3.32811.315
MinimumVisualStudioVersion = 10.0.40219.1
Project("{8BC9CEB8-8B4A-11D0-8D11-00A0C91BC942}") = "Arp-Interpreter", "Arp-Interpreter\Arp-Interpreter.vcxproj", "{DC831E6A-4DB3-4EE3-8DA8-EAADAD051451}"
EndProject
Project("{8BC9CEB8-8B4A-11D0-8D11-00A0C91BC942}") = "Arp-Language", "Arp-Language\Arp-Language.vcxproj", "{9343A586-C585-4113-A103-13C1F8C2A58E}"
EndProject
Global
	GlobalSection(SolutionConfigurationPlatforms) = preSolution
		Debug|x64 = Debug|x64
		Debug|x86 = Debug|x86
		Release|x64 = Release|x64
		Release|x86 = Release|x86
	EndGlobalSection
	GlobalSection(ProjectConfigurationPlatforms) = postSolution
		{DC831E6A-4DB3-4EE3-8DA8-EAADAD051451}.Debug|x64.ActiveCfg = Debug|x64
		{DC831E6A-4DB3-4EE3-8DA8-EAADAD051451}.Debug|x64.Build.0 = Debug|x64
		{DC831E6A-4DB3-4EE3-8DA8-EAADAD051451}.Debug|x86.ActiveCfg = Debug|Win32
		{DC831E6A-4DB3-4EE3-8DA8-EAADAD051451}.Debug|x86.Build.0 = Debug|Win32
		{DC831E6A-4DB3-4EE3-8DA8-EAADAD051451}.Release|x64.ActiveCfg = Release|x64
		{DC831E6A-4DB3-4EE3-8DA8-EAADAD051451}.Release|x64.Build.0 = Release|x64
		{DC831E6A-4DB3-4EE3-8DA8-EAADAD051451}.Release|x86.ActiveCfg = Release|Win32
		{DC831E6A-4DB3-4EE3-8DA8-EAADAD051451}.Release|x86.Build.0 = Release|Win32
		{9343A586-C585-4113-A103-13C1F8C2A58E}.Debug|x64.ActiveCfg = Debug|x64
		{9343A586-C585-4113-A103-13C1F8C2A58E}.Debug|x64.Build.0 = Debug|x64
		{9343A586-C585-4113-A103-13C1F8C2A58E}.Debug|x86.ActiveCfg = Debug|Win32
		{9343A586-C585-4113-A103-13C1F8C2A58E}.Debug|x86.Build.0 = Debug|Win32
		{9343A586-C585-4113-A103-13C1F8C2A58E}.Release|x64.ActiveCfg = Release|x64
		{9343A586-C585-4113-A103-13C1F8C2A58E}.Release|x64.Build.0 = Release|x64
		{9343A586-C585-4113-A103-13C1F8C2A58E}.Release|x86.ActiveCfg = Release|Win32
		{9343A586-C585-4113-A103-13C1F8C2A58E}.Release|x86.Build.0 = Release|Win32
	EndGlobalSection
	GlobalSection(SolutionProperties) = preSolution
		HideSolutionNode = FALSE
	EndGlobalSection
	GlobalSection(ExtensibilityGlobals) = postSolution
		SolutionGuid = {63E1080F-F59F-47D1-8AE2-1F092D711861}
	EndGlobalSection
EndGlobal
